
Microsoft Visual Studio Solution File, Format Version 12.00
# Visual Studio 2013
VisualStudioVersion = 12.0.30723.0
MinimumVisualStudioVersion = 10.0.40219.1
Project("{FAE04EC0-301F-11D3-BF4B-00C04F79EFBC}") = "PrjTCCoficial", "PrjTCCoficial\PrjTCCoficial.csproj", "{1022E7FC-6DAA-407E-A512-6AF97CF4AD57}"
EndProject
Project("{FAE04EC0-301F-11D3-BF4B-00C04F79EFBC}") = "ModelLayer", "ModelLayer\ModelLayer.csproj", "{CD3E12A1-5C6A-4197-8B06-22D824456008}"
EndProject
Project("{FAE04EC0-301F-11D3-BF4B-00C04F79EFBC}") = "BusinessLayer", "BusinessLayer\BusinessLayer.csproj", "{DB7743F0-037A-4196-A461-99E6E3CC8302}"
EndProject
Project("{FAE04EC0-301F-11D3-BF4B-00C04F79EFBC}") = "DataLayer", "DataLayer\DataLayer.csproj", "{2C69234A-A5F8-4E2C-9605-1D96B710D2F2}"
EndProject
Global
	GlobalSection(SolutionConfigurationPlatforms) = preSolution
		Debug|Any CPU = Debug|Any CPU
		Release|Any CPU = Release|Any CPU
	EndGlobalSection
	GlobalSection(ProjectConfigurationPlatforms) = postSolution
		{1022E7FC-6DAA-407E-A512-6AF97CF4AD57}.Debug|Any CPU.ActiveCfg = Debug|Any CPU
		{1022E7FC-6DAA-407E-A512-6AF97CF4AD57}.Debug|Any CPU.Build.0 = Debug|Any CPU
		{1022E7FC-6DAA-407E-A512-6AF97CF4AD57}.Release|Any CPU.ActiveCfg = Release|Any CPU
		{1022E7FC-6DAA-407E-A512-6AF97CF4AD57}.Release|Any CPU.Build.0 = Release|Any CPU
		{CD3E12A1-5C6A-4197-8B06-22D824456008}.Debug|Any CPU.ActiveCfg = Debug|Any CPU
		{CD3E12A1-5C6A-4197-8B06-22D824456008}.Debug|Any CPU.Build.0 = Debug|Any CPU
		{CD3E12A1-5C6A-4197-8B06-22D824456008}.Release|Any CPU.ActiveCfg = Release|Any CPU
		{CD3E12A1-5C6A-4197-8B06-22D824456008}.Release|Any CPU.Build.0 = Release|Any CPU
		{DB7743F0-037A-4196-A461-99E6E3CC8302}.Debug|Any CPU.ActiveCfg = Debug|Any CPU
		{DB7743F0-037A-4196-A461-99E6E3CC8302}.Debug|Any CPU.Build.0 = Debug|Any CPU
		{DB7743F0-037A-4196-A461-99E6E3CC8302}.Release|Any CPU.ActiveCfg = Release|Any CPU
		{DB7743F0-037A-4196-A461-99E6E3CC8302}.Release|Any CPU.Build.0 = Release|Any CPU
		{2C69234A-A5F8-4E2C-9605-1D96B710D2F2}.Debug|Any CPU.ActiveCfg = Debug|Any CPU
		{2C69234A-A5F8-4E2C-9605-1D96B710D2F2}.Debug|Any CPU.Build.0 = Debug|Any CPU
		{2C69234A-A5F8-4E2C-9605-1D96B710D2F2}.Release|Any CPU.ActiveCfg = Release|Any CPU
		{2C69234A-A5F8-4E2C-9605-1D96B710D2F2}.Release|Any CPU.Build.0 = Release|Any CPU
	EndGlobalSection
	GlobalSection(SolutionProperties) = preSolution
		HideSolutionNode = FALSE
	EndGlobalSection
EndGlobal
